
Microsoft Visual Studio Solution File, Format Version 12.00
# Visual Studio Version 16
VisualStudioVersion = 16.0.31129.286
MinimumVisualStudioVersion = 10.0.40219.1
Project("{9A19103F-16F7-4668-BE54-9A1E7A4F7556}") = "RowebInternship.Api", "RowebInternship.Api\RowebInternship.Api.csproj", "{736B0CF5-D052-4BF4-B057-7969336E268F}"
EndProject
Project("{2150E333-8FDC-42A3-9474-1A3956D46DE8}") = "Solution Items", "Solution Items", "{ACE4B8CF-87B6-4FC8-8516-C47208FF7A69}"
	ProjectSection(SolutionItems) = preProject
		.editorconfig = .editorconfig
	EndProjectSection
EndProject
Global
	GlobalSection(SolutionConfigurationPlatforms) = preSolution
		Debug|Any CPU = Debug|Any CPU
		Release|Any CPU = Release|Any CPU
	EndGlobalSection
	GlobalSection(ProjectConfigurationPlatforms) = postSolution
		{736B0CF5-D052-4BF4-B057-7969336E268F}.Debug|Any CPU.ActiveCfg = Debug|Any CPU
		{736B0CF5-D052-4BF4-B057-7969336E268F}.Debug|Any CPU.Build.0 = Debug|Any CPU
		{736B0CF5-D052-4BF4-B057-7969336E268F}.Release|Any CPU.ActiveCfg = Release|Any CPU
		{736B0CF5-D052-4BF4-B057-7969336E268F}.Release|Any CPU.Build.0 = Release|Any CPU
	EndGlobalSection
	GlobalSection(SolutionProperties) = preSolution
		HideSolutionNode = FALSE
	EndGlobalSection
	GlobalSection(ExtensibilityGlobals) = postSolution
		SolutionGuid = {15545859-CF0E-42E1-B973-531AB22B7D11}
	EndGlobalSection
EndGlobal
